
Microsoft Visual Studio Solution File, Format Version 12.00
# Visual Studio Version 16
VisualStudioVersion = 16.0.32929.386
MinimumVisualStudioVersion = 10.0.40219.1
Project("{FAE04EC0-301F-11D3-BF4B-00C04F79EFBC}") = "MarkaModelCarWithMVC", "MarkaModelCarWithMVC\MarkaModelCarWithMVC.csproj", "{376B3B6C-1FC7-444C-89EE-14B3E492690C}"
EndProject
Global
	GlobalSection(SolutionConfigurationPlatforms) = preSolution
		Debug|Any CPU = Debug|Any CPU
		Release|Any CPU = Release|Any CPU
	EndGlobalSection
	GlobalSection(ProjectConfigurationPlatforms) = postSolution
		{376B3B6C-1FC7-444C-89EE-14B3E492690C}.Debug|Any CPU.ActiveCfg = Debug|Any CPU
		{376B3B6C-1FC7-444C-89EE-14B3E492690C}.Debug|Any CPU.Build.0 = Debug|Any CPU
		{376B3B6C-1FC7-444C-89EE-14B3E492690C}.Release|Any CPU.ActiveCfg = Release|Any CPU
		{376B3B6C-1FC7-444C-89EE-14B3E492690C}.Release|Any CPU.Build.0 = Release|Any CPU
	EndGlobalSection
	GlobalSection(SolutionProperties) = preSolution
		HideSolutionNode = FALSE
	EndGlobalSection
	GlobalSection(ExtensibilityGlobals) = postSolution
		SolutionGuid = {27DDBB75-8878-43C3-8538-7DE1E489EF70}
	EndGlobalSection
EndGlobal
